// !$*UTF8*$!
{
	archiveVersion = 1;
	classes = {
	};
	objectVersion = 50;
	objects = {

/* Begin PBXBuildFile section */
		B34E81B224BA1C240086317B /* UserCRUD.swift in Sources */ = {isa = PBXBuildFile; fileRef = B34E81B124BA1C240086317B /* UserCRUD.swift */; };
		B34E81BF24BB25D10086317B /* ContactDetailInfoInteractor.swift in Sources */ = {isa = PBXBuildFile; fileRef = B34E81B424BB25D00086317B /* ContactDetailInfoInteractor.swift */; };
		B34E81C024BB25D10086317B /* ContactDetailInfoContracts.swift in Sources */ = {isa = PBXBuildFile; fileRef = B34E81B524BB25D00086317B /* ContactDetailInfoContracts.swift */; };
		B34E81C124BB25D10086317B /* ContactDetailInfoPresenter.swift in Sources */ = {isa = PBXBuildFile; fileRef = B34E81B624BB25D00086317B /* ContactDetailInfoPresenter.swift */; };
		B34E81C224BB25D10086317B /* ContactDetailInfoViewController.swift in Sources */ = {isa = PBXBuildFile; fileRef = B34E81B724BB25D00086317B /* ContactDetailInfoViewController.swift */; };
		B34E81C324BB25D10086317B /* ContactDetailInfoRouter.swift in Sources */ = {isa = PBXBuildFile; fileRef = B34E81B824BB25D00086317B /* ContactDetailInfoRouter.swift */; };
		B34E81C424BB25D10086317B /* WebPagePresenter.swift in Sources */ = {isa = PBXBuildFile; fileRef = B34E81BA24BB25D00086317B /* WebPagePresenter.swift */; };
		B34E81C524BB25D10086317B /* WebPageViewController.swift in Sources */ = {isa = PBXBuildFile; fileRef = B34E81BB24BB25D00086317B /* WebPageViewController.swift */; };
		B34E81C624BB25D10086317B /* WebPageContracts.swift in Sources */ = {isa = PBXBuildFile; fileRef = B34E81BC24BB25D00086317B /* WebPageContracts.swift */; };
		B34E81C724BB25D10086317B /* WebPageRouter.swift in Sources */ = {isa = PBXBuildFile; fileRef = B34E81BD24BB25D00086317B /* WebPageRouter.swift */; };
		B34E81C824BB25D10086317B /* WebPageInteractor.swift in Sources */ = {isa = PBXBuildFile; fileRef = B34E81BE24BB25D00086317B /* WebPageInteractor.swift */; };
		B34E81CA24BB754C0086317B /* TitleDescription.swift in Sources */ = {isa = PBXBuildFile; fileRef = B34E81C924BB754C0086317B /* TitleDescription.swift */; };
		B351D23A24BBC06800A6E7D3 /* WebKit.framework in Frameworks */ = {isa = PBXBuildFile; fileRef = B351D23924BBC06800A6E7D3 /* WebKit.framework */; };
		B351D23C24BBD67900A6E7D3 /* CoreDataControllerTests.swift in Sources */ = {isa = PBXBuildFile; fileRef = B351D23B24BBD67900A6E7D3 /* CoreDataControllerTests.swift */; };
		B3961D1124BEDECD00F778EC /* User.swift in Sources */ = {isa = PBXBuildFile; fileRef = B3961D1024BEDECD00F778EC /* User.swift */; };
		B3B5654924B9D27F003078EF /* AppDelegate.swift in Sources */ = {isa = PBXBuildFile; fileRef = B3B5654824B9D27F003078EF /* AppDelegate.swift */; };
		B3B5655024B9D27F003078EF /* Main.storyboard in Resources */ = {isa = PBXBuildFile; fileRef = B3B5654E24B9D27F003078EF /* Main.storyboard */; };
		B3B5655224B9D284003078EF /* Assets.xcassets in Resources */ = {isa = PBXBuildFile; fileRef = B3B5655124B9D284003078EF /* Assets.xcassets */; };
		B3B5656024B9D284003078EF /* UserCRUDTests.swift in Sources */ = {isa = PBXBuildFile; fileRef = B3B5655F24B9D284003078EF /* UserCRUDTests.swift */; };
		B3B5656D24B9D574003078EF /* ContactListViewController.swift in Sources */ = {isa = PBXBuildFile; fileRef = B3B5656C24B9D574003078EF /* ContactListViewController.swift */; };
		B3B5656F24B9D5E3003078EF /* ContactListContracts.swift in Sources */ = {isa = PBXBuildFile; fileRef = B3B5656E24B9D5E3003078EF /* ContactListContracts.swift */; };
		B3B5657124B9D69A003078EF /* ContactListPresenter.swift in Sources */ = {isa = PBXBuildFile; fileRef = B3B5657024B9D69A003078EF /* ContactListPresenter.swift */; };
		B3B5657324B9D6AD003078EF /* ContactListInteractor.swift in Sources */ = {isa = PBXBuildFile; fileRef = B3B5657224B9D6AD003078EF /* ContactListInteractor.swift */; };
		B3B5657524B9D6B6003078EF /* ContactListRouter.swift in Sources */ = {isa = PBXBuildFile; fileRef = B3B5657424B9D6B6003078EF /* ContactListRouter.swift */; };
		B3B5657824B9D852003078EF /* ViperCreation.swift in Sources */ = {isa = PBXBuildFile; fileRef = B3B5657724B9D852003078EF /* ViperCreation.swift */; };
		B3B5657B24B9DC86003078EF /* Constants.swift in Sources */ = {isa = PBXBuildFile; fileRef = B3B5657A24B9DC86003078EF /* Constants.swift */; };
		B3B5657D24B9DD6B003078EF /* StoryBoardViewControllerIdentifier.swift in Sources */ = {isa = PBXBuildFile; fileRef = B3B5657C24B9DD6B003078EF /* StoryBoardViewControllerIdentifier.swift */; };
		B3B5658224B9E8F6003078EF /* CoreDataController.swift in Sources */ = {isa = PBXBuildFile; fileRef = B3B5658124B9E8F6003078EF /* CoreDataController.swift */; };
		B3B5658624B9EC2D003078EF /* ContactDemo.xcdatamodeld in Sources */ = {isa = PBXBuildFile; fileRef = B3B5658424B9EC2C003078EF /* ContactDemo.xcdatamodeld */; };
		B3B5658D24B9ECEC003078EF /* LaunchViewController.swift in Sources */ = {isa = PBXBuildFile; fileRef = B3B5658824B9ECEC003078EF /* LaunchViewController.swift */; };
		B3B5658E24B9ECEC003078EF /* LaunchContracts.swift in Sources */ = {isa = PBXBuildFile; fileRef = B3B5658924B9ECEC003078EF /* LaunchContracts.swift */; };
		B3B5658F24B9ECEC003078EF /* LaunchPresenter.swift in Sources */ = {isa = PBXBuildFile; fileRef = B3B5658A24B9ECEC003078EF /* LaunchPresenter.swift */; };
		B3B5659024B9ECEC003078EF /* LaunchRouter.swift in Sources */ = {isa = PBXBuildFile; fileRef = B3B5658B24B9ECEC003078EF /* LaunchRouter.swift */; };
		B3B5659124B9ECEC003078EF /* LaunchInteractor.swift in Sources */ = {isa = PBXBuildFile; fileRef = B3B5658C24B9ECEC003078EF /* LaunchInteractor.swift */; };
		B3DC025624B9FE3200692967 /* Constants+Strings.swift in Sources */ = {isa = PBXBuildFile; fileRef = B3DC025524B9FE3200692967 /* Constants+Strings.swift */; };
		B3DC025D24BA045F00692967 /* ContactDetailViewController.swift in Sources */ = {isa = PBXBuildFile; fileRef = B3DC025824BA045F00692967 /* ContactDetailViewController.swift */; };
		B3DC025E24BA045F00692967 /* ContactDetailRouter.swift in Sources */ = {isa = PBXBuildFile; fileRef = B3DC025924BA045F00692967 /* ContactDetailRouter.swift */; };
		B3DC025F24BA045F00692967 /* ContactDetailContracts.swift in Sources */ = {isa = PBXBuildFile; fileRef = B3DC025A24BA045F00692967 /* ContactDetailContracts.swift */; };
		B3DC026024BA045F00692967 /* ContactDetailPresenter.swift in Sources */ = {isa = PBXBuildFile; fileRef = B3DC025B24BA045F00692967 /* ContactDetailPresenter.swift */; };
		B3DC026124BA045F00692967 /* ContactDetailInteractor.swift in Sources */ = {isa = PBXBuildFile; fileRef = B3DC025C24BA045F00692967 /* ContactDetailInteractor.swift */; };
		B3DC026324BA088E00692967 /* Launch.storyboard in Resources */ = {isa = PBXBuildFile; fileRef = B3DC026224BA088E00692967 /* Launch.storyboard */; };
		B3DC026724BA0E8F00692967 /* NSManagedObjectContext.swift in Sources */ = {isa = PBXBuildFile; fileRef = B3DC026624BA0E8F00692967 /* NSManagedObjectContext.swift */; };
		B3DC026C24BA116200692967 /* users.json in Resources */ = {isa = PBXBuildFile; fileRef = B3DC026B24BA116200692967 /* users.json */; };
/* End PBXBuildFile section */

/* Begin PBXContainerItemProxy section */
		B3B5655C24B9D284003078EF /* PBXContainerItemProxy */ = {
			isa = PBXContainerItemProxy;
			containerPortal = B3B5653D24B9D27F003078EF /* Project object */;
			proxyType = 1;
			remoteGlobalIDString = B3B5654424B9D27F003078EF;
			remoteInfo = ContactDemo;
		};
/* End PBXContainerItemProxy section */

/* Begin PBXFileReference section */
		B34E81B124BA1C240086317B /* UserCRUD.swift */ = {isa = PBXFileReference; lastKnownFileType = sourcecode.swift; path = UserCRUD.swift; sourceTree = "<group>"; };
		B34E81B424BB25D00086317B /* ContactDetailInfoInteractor.swift */ = {isa = PBXFileReference; fileEncoding = 4; lastKnownFileType = sourcecode.swift; path = ContactDetailInfoInteractor.swift; sourceTree = "<group>"; };
		B34E81B524BB25D00086317B /* ContactDetailInfoContracts.swift */ = {isa = PBXFileReference; fileEncoding = 4; lastKnownFileType = sourcecode.swift; path = ContactDetailInfoContracts.swift; sourceTree = "<group>"; };
		B34E81B624BB25D00086317B /* ContactDetailInfoPresenter.swift */ = {isa = PBXFileReference; fileEncoding = 4; lastKnownFileType = sourcecode.swift; path = ContactDetailInfoPresenter.swift; sourceTree = "<group>"; };
		B34E81B724BB25D00086317B /* ContactDetailInfoViewController.swift */ = {isa = PBXFileReference; fileEncoding = 4; lastKnownFileType = sourcecode.swift; path = ContactDetailInfoViewController.swift; sourceTree = "<group>"; };
		B34E81B824BB25D00086317B /* ContactDetailInfoRouter.swift */ = {isa = PBXFileReference; fileEncoding = 4; lastKnownFileType = sourcecode.swift; path = ContactDetailInfoRouter.swift; sourceTree = "<group>"; };
		B34E81BA24BB25D00086317B /* WebPagePresenter.swift */ = {isa = PBXFileReference; fileEncoding = 4; lastKnownFileType = sourcecode.swift; path = WebPagePresenter.swift; sourceTree = "<group>"; };
		B34E81BB24BB25D00086317B /* WebPageViewController.swift */ = {isa = PBXFileReference; fileEncoding = 4; lastKnownFileType = sourcecode.swift; path = WebPageViewController.swift; sourceTree = "<group>"; };
		B34E81BC24BB25D00086317B /* WebPageContracts.swift */ = {isa = PBXFileReference; fileEncoding = 4; lastKnownFileType = sourcecode.swift; path = WebPageContracts.swift; sourceTree = "<group>"; };
		B34E81BD24BB25D00086317B /* WebPageRouter.swift */ = {isa = PBXFileReference; fileEncoding = 4; lastKnownFileType = sourcecode.swift; path = WebPageRouter.swift; sourceTree = "<group>"; };
		B34E81BE24BB25D00086317B /* WebPageInteractor.swift */ = {isa = PBXFileReference; fileEncoding = 4; lastKnownFileType = sourcecode.swift; path = WebPageInteractor.swift; sourceTree = "<group>"; };
		B34E81C924BB754C0086317B /* TitleDescription.swift */ = {isa = PBXFileReference; lastKnownFileType = sourcecode.swift; path = TitleDescription.swift; sourceTree = "<group>"; };
		B351D23924BBC06800A6E7D3 /* WebKit.framework */ = {isa = PBXFileReference; lastKnownFileType = wrapper.framework; name = WebKit.framework; path = System/Library/Frameworks/WebKit.framework; sourceTree = SDKROOT; };
		B351D23B24BBD67900A6E7D3 /* CoreDataControllerTests.swift */ = {isa = PBXFileReference; lastKnownFileType = sourcecode.swift; path = CoreDataControllerTests.swift; sourceTree = "<group>"; };
		B3961D1024BEDECD00F778EC /* User.swift */ = {isa = PBXFileReference; fileEncoding = 4; lastKnownFileType = sourcecode.swift; path = User.swift; sourceTree = "<group>"; };
		B3B5654524B9D27F003078EF /* ContactDemo.app */ = {isa = PBXFileReference; explicitFileType = wrapper.application; includeInIndex = 0; path = ContactDemo.app; sourceTree = BUILT_PRODUCTS_DIR; };
		B3B5654824B9D27F003078EF /* AppDelegate.swift */ = {isa = PBXFileReference; lastKnownFileType = sourcecode.swift; path = AppDelegate.swift; sourceTree = "<group>"; };
		B3B5654F24B9D27F003078EF /* Base */ = {isa = PBXFileReference; lastKnownFileType = file.storyboard; name = Base; path = Base.lproj/Main.storyboard; sourceTree = "<group>"; };
		B3B5655124B9D284003078EF /* Assets.xcassets */ = {isa = PBXFileReference; lastKnownFileType = folder.assetcatalog; path = Assets.xcassets; sourceTree = "<group>"; };
		B3B5655624B9D284003078EF /* Info.plist */ = {isa = PBXFileReference; lastKnownFileType = text.plist.xml; path = Info.plist; sourceTree = "<group>"; };
		B3B5655B24B9D284003078EF /* ContactDemoTests.xctest */ = {isa = PBXFileReference; explicitFileType = wrapper.cfbundle; includeInIndex = 0; path = ContactDemoTests.xctest; sourceTree = BUILT_PRODUCTS_DIR; };
		B3B5655F24B9D284003078EF /* UserCRUDTests.swift */ = {isa = PBXFileReference; lastKnownFileType = sourcecode.swift; path = UserCRUDTests.swift; sourceTree = "<group>"; };
		B3B5656124B9D284003078EF /* Info.plist */ = {isa = PBXFileReference; lastKnownFileType = text.plist.xml; path = Info.plist; sourceTree = "<group>"; };
		B3B5656C24B9D574003078EF /* ContactListViewController.swift */ = {isa = PBXFileReference; lastKnownFileType = sourcecode.swift; path = ContactListViewController.swift; sourceTree = "<group>"; };
		B3B5656E24B9D5E3003078EF /* ContactListContracts.swift */ = {isa = PBXFileReference; lastKnownFileType = sourcecode.swift; path = ContactListContracts.swift; sourceTree = "<group>"; };
		B3B5657024B9D69A003078EF /* ContactListPresenter.swift */ = {isa = PBXFileReference; lastKnownFileType = sourcecode.swift; path = ContactListPresenter.swift; sourceTree = "<group>"; };
		B3B5657224B9D6AD003078EF /* ContactListInteractor.swift */ = {isa = PBXFileReference; lastKnownFileType = sourcecode.swift; path = ContactListInteractor.swift; sourceTree = "<group>"; };
		B3B5657424B9D6B6003078EF /* ContactListRouter.swift */ = {isa = PBXFileReference; lastKnownFileType = sourcecode.swift; path = ContactListRouter.swift; sourceTree = "<group>"; };
		B3B5657724B9D852003078EF /* ViperCreation.swift */ = {isa = PBXFileReference; lastKnownFileType = sourcecode.swift; path = ViperCreation.swift; sourceTree = "<group>"; };
		B3B5657A24B9DC86003078EF /* Constants.swift */ = {isa = PBXFileReference; lastKnownFileType = sourcecode.swift; path = Constants.swift; sourceTree = "<group>"; };
		B3B5657C24B9DD6B003078EF /* StoryBoardViewControllerIdentifier.swift */ = {isa = PBXFileReference; lastKnownFileType = sourcecode.swift; path = StoryBoardViewControllerIdentifier.swift; sourceTree = "<group>"; };
		B3B5658124B9E8F6003078EF /* CoreDataController.swift */ = {isa = PBXFileReference; lastKnownFileType = sourcecode.swift; path = CoreDataController.swift; sourceTree = "<group>"; };
		B3B5658524B9EC2D003078EF /* ContactDemo.xcdatamodel */ = {isa = PBXFileReference; lastKnownFileType = wrapper.xcdatamodel; path = ContactDemo.xcdatamodel; sourceTree = "<group>"; };
		B3B5658824B9ECEC003078EF /* LaunchViewController.swift */ = {isa = PBXFileReference; fileEncoding = 4; lastKnownFileType = sourcecode.swift; path = LaunchViewController.swift; sourceTree = "<group>"; };
		B3B5658924B9ECEC003078EF /* LaunchContracts.swift */ = {isa = PBXFileReference; fileEncoding = 4; lastKnownFileType = sourcecode.swift; path = LaunchContracts.swift; sourceTree = "<group>"; };
		B3B5658A24B9ECEC003078EF /* LaunchPresenter.swift */ = {isa = PBXFileReference; fileEncoding = 4; lastKnownFileType = sourcecode.swift; path = LaunchPresenter.swift; sourceTree = "<group>"; };
		B3B5658B24B9ECEC003078EF /* LaunchRouter.swift */ = {isa = PBXFileReference; fileEncoding = 4; lastKnownFileType = sourcecode.swift; path = LaunchRouter.swift; sourceTree = "<group>"; };
		B3B5658C24B9ECEC003078EF /* LaunchInteractor.swift */ = {isa = PBXFileReference; fileEncoding = 4; lastKnownFileType = sourcecode.swift; path = LaunchInteractor.swift; sourceTree = "<group>"; };
		B3DC025524B9FE3200692967 /* Constants+Strings.swift */ = {isa = PBXFileReference; lastKnownFileType = sourcecode.swift; path = "Constants+Strings.swift"; sourceTree = "<group>"; };
		B3DC025824BA045F00692967 /* ContactDetailViewController.swift */ = {isa = PBXFileReference; fileEncoding = 4; lastKnownFileType = sourcecode.swift; path = ContactDetailViewController.swift; sourceTree = "<group>"; };
		B3DC025924BA045F00692967 /* ContactDetailRouter.swift */ = {isa = PBXFileReference; fileEncoding = 4; lastKnownFileType = sourcecode.swift; path = ContactDetailRouter.swift; sourceTree = "<group>"; };
		B3DC025A24BA045F00692967 /* ContactDetailContracts.swift */ = {isa = PBXFileReference; fileEncoding = 4; lastKnownFileType = sourcecode.swift; path = ContactDetailContracts.swift; sourceTree = "<group>"; };
		B3DC025B24BA045F00692967 /* ContactDetailPresenter.swift */ = {isa = PBXFileReference; fileEncoding = 4; lastKnownFileType = sourcecode.swift; path = ContactDetailPresenter.swift; sourceTree = "<group>"; };
		B3DC025C24BA045F00692967 /* ContactDetailInteractor.swift */ = {isa = PBXFileReference; fileEncoding = 4; lastKnownFileType = sourcecode.swift; path = ContactDetailInteractor.swift; sourceTree = "<group>"; };
		B3DC026224BA088E00692967 /* Launch.storyboard */ = {isa = PBXFileReference; lastKnownFileType = file.storyboard; path = Launch.storyboard; sourceTree = "<group>"; };
		B3DC026624BA0E8F00692967 /* NSManagedObjectContext.swift */ = {isa = PBXFileReference; lastKnownFileType = sourcecode.swift; path = NSManagedObjectContext.swift; sourceTree = "<group>"; };
		B3DC026B24BA116200692967 /* users.json */ = {isa = PBXFileReference; fileEncoding = 4; lastKnownFileType = text.json; path = users.json; sourceTree = "<group>"; };
/* End PBXFileReference section */

/* Begin PBXFrameworksBuildPhase section */
		B3B5654224B9D27F003078EF /* Frameworks */ = {
			isa = PBXFrameworksBuildPhase;
			buildActionMask = 2147483647;
			files = (
				B351D23A24BBC06800A6E7D3 /* WebKit.framework in Frameworks */,
			);
			runOnlyForDeploymentPostprocessing = 0;
		};
		B3B5655824B9D284003078EF /* Frameworks */ = {
			isa = PBXFrameworksBuildPhase;
			buildActionMask = 2147483647;
			files = (
			);
			runOnlyForDeploymentPostprocessing = 0;
		};
/* End PBXFrameworksBuildPhase section */

/* Begin PBXGroup section */
		B34E81B324BB25D00086317B /* ContactDetailInfoModule */ = {
			isa = PBXGroup;
			children = (
				B34E81B524BB25D00086317B /* ContactDetailInfoContracts.swift */,
				B34E81B724BB25D00086317B /* ContactDetailInfoViewController.swift */,
				B34E81B624BB25D00086317B /* ContactDetailInfoPresenter.swift */,
				B34E81B424BB25D00086317B /* ContactDetailInfoInteractor.swift */,
				B34E81B824BB25D00086317B /* ContactDetailInfoRouter.swift */,
			);
			path = ContactDetailInfoModule;
			sourceTree = "<group>";
		};
		B34E81B924BB25D00086317B /* WebPageModule */ = {
			isa = PBXGroup;
			children = (
				B34E81BC24BB25D00086317B /* WebPageContracts.swift */,
				B34E81BB24BB25D00086317B /* WebPageViewController.swift */,
				B34E81BA24BB25D00086317B /* WebPagePresenter.swift */,
				B34E81BE24BB25D00086317B /* WebPageInteractor.swift */,
				B34E81BD24BB25D00086317B /* WebPageRouter.swift */,
			);
			path = WebPageModule;
			sourceTree = "<group>";
		};
		B351D23824BBC06800A6E7D3 /* Frameworks */ = {
			isa = PBXGroup;
			children = (
				B351D23924BBC06800A6E7D3 /* WebKit.framework */,
			);
			name = Frameworks;
			sourceTree = "<group>";
		};
		B351D23E24BBE82D00A6E7D3 /* DataSourceTests */ = {
			isa = PBXGroup;
			children = (
				B3B5655F24B9D284003078EF /* UserCRUDTests.swift */,
				B351D23B24BBD67900A6E7D3 /* CoreDataControllerTests.swift */,
			);
			path = DataSourceTests;
			sourceTree = "<group>";
		};
		B3B5653C24B9D27F003078EF = {
			isa = PBXGroup;
			children = (
				B3B5654724B9D27F003078EF /* ContactDemo */,
				B3B5655E24B9D284003078EF /* ContactDemoTests */,
				B3B5654624B9D27F003078EF /* Products */,
				B351D23824BBC06800A6E7D3 /* Frameworks */,
			);
			sourceTree = "<group>";
		};
		B3B5654624B9D27F003078EF /* Products */ = {
			isa = PBXGroup;
			children = (
				B3B5654524B9D27F003078EF /* ContactDemo.app */,
				B3B5655B24B9D284003078EF /* ContactDemoTests.xctest */,
			);
			name = Products;
			sourceTree = "<group>";
		};
		B3B5654724B9D27F003078EF /* ContactDemo */ = {
			isa = PBXGroup;
			children = (
				B3B5654824B9D27F003078EF /* AppDelegate.swift */,
				B3DC026924BA10D300692967 /* Storyboards */,
				B3DC026424BA0E6E00692967 /* Helpers */,
				B3B5657E24B9E691003078EF /* DataSource */,
				B3B5657924B9DC75003078EF /* Constants */,
				B3B5657624B9D81A003078EF /* GeneralProtocols */,
				B3B5656A24B9D534003078EF /* Modules */,
				B3B5655124B9D284003078EF /* Assets.xcassets */,
				B3B5655624B9D284003078EF /* Info.plist */,
			);
			path = ContactDemo;
			sourceTree = "<group>";
		};
		B3B5655E24B9D284003078EF /* ContactDemoTests */ = {
			isa = PBXGroup;
			children = (
				B351D23E24BBE82D00A6E7D3 /* DataSourceTests */,
				B3B5656124B9D284003078EF /* Info.plist */,
			);
			path = ContactDemoTests;
			sourceTree = "<group>";
		};
		B3B5656A24B9D534003078EF /* Modules */ = {
			isa = PBXGroup;
			children = (
				B3B5658724B9ECEC003078EF /* LaunchModule */,
				B3B5656B24B9D53B003078EF /* ContactListModule */,
				B3DC025724BA045F00692967 /* ContactDetailModule */,
				B34E81B324BB25D00086317B /* ContactDetailInfoModule */,
				B34E81B924BB25D00086317B /* WebPageModule */,
			);
			path = Modules;
			sourceTree = "<group>";
		};
		B3B5656B24B9D53B003078EF /* ContactListModule */ = {
			isa = PBXGroup;
			children = (
				B3B5656E24B9D5E3003078EF /* ContactListContracts.swift */,
				B3B5656C24B9D574003078EF /* ContactListViewController.swift */,
				B3B5657024B9D69A003078EF /* ContactListPresenter.swift */,
				B3B5657224B9D6AD003078EF /* ContactListInteractor.swift */,
				B3B5657424B9D6B6003078EF /* ContactListRouter.swift */,
			);
			path = ContactListModule;
			sourceTree = "<group>";
		};
		B3B5657624B9D81A003078EF /* GeneralProtocols */ = {
			isa = PBXGroup;
			children = (
				B3B5657724B9D852003078EF /* ViperCreation.swift */,
				B3B5657C24B9DD6B003078EF /* StoryBoardViewControllerIdentifier.swift */,
			);
			path = GeneralProtocols;
			sourceTree = "<group>";
		};
		B3B5657924B9DC75003078EF /* Constants */ = {
			isa = PBXGroup;
			children = (
				B3B5657A24B9DC86003078EF /* Constants.swift */,
				B3DC025524B9FE3200692967 /* Constants+Strings.swift */,
			);
			path = Constants;
			sourceTree = "<group>";
		};
		B3B5657E24B9E691003078EF /* DataSource */ = {
			isa = PBXGroup;
			children = (
				B3DC026D24BA130800692967 /* CommonModels */,
				B3DC026A24BA112000692967 /* MockData */,
				B3B5657F24B9E8C7003078EF /* CoreData */,
			);
			path = DataSource;
			sourceTree = "<group>";
		};
		B3B5657F24B9E8C7003078EF /* CoreData */ = {
			isa = PBXGroup;
			children = (
				B3B5658324B9EC06003078EF /* dataModel */,
				B3B5658024B9E8D1003078EF /* Core */,
			);
			path = CoreData;
			sourceTree = "<group>";
		};
		B3B5658024B9E8D1003078EF /* Core */ = {
			isa = PBXGroup;
			children = (
				B3B5658124B9E8F6003078EF /* CoreDataController.swift */,
			);
			path = Core;
			sourceTree = "<group>";
		};
		B3B5658324B9EC06003078EF /* dataModel */ = {
			isa = PBXGroup;
			children = (
				B3B5658424B9EC2C003078EF /* ContactDemo.xcdatamodeld */,
			);
			path = dataModel;
			sourceTree = "<group>";
		};
		B3B5658724B9ECEC003078EF /* LaunchModule */ = {
			isa = PBXGroup;
			children = (
				B3B5658924B9ECEC003078EF /* LaunchContracts.swift */,
				B3B5658824B9ECEC003078EF /* LaunchViewController.swift */,
				B3B5658A24B9ECEC003078EF /* LaunchPresenter.swift */,
				B3B5658B24B9ECEC003078EF /* LaunchRouter.swift */,
				B3B5658C24B9ECEC003078EF /* LaunchInteractor.swift */,
			);
			path = LaunchModule;
			sourceTree = "<group>";
		};
		B3DC025724BA045F00692967 /* ContactDetailModule */ = {
			isa = PBXGroup;
			children = (
				B3DC025A24BA045F00692967 /* ContactDetailContracts.swift */,
				B3DC025824BA045F00692967 /* ContactDetailViewController.swift */,
				B3DC025924BA045F00692967 /* ContactDetailRouter.swift */,
				B3DC025B24BA045F00692967 /* ContactDetailPresenter.swift */,
				B3DC025C24BA045F00692967 /* ContactDetailInteractor.swift */,
			);
			path = ContactDetailModule;
			sourceTree = "<group>";
		};
		B3DC026424BA0E6E00692967 /* Helpers */ = {
			isa = PBXGroup;
			children = (
				B3DC026824BA109F00692967 /* ContactsCRUD */,
				B3DC026524BA0E8000692967 /* Extensions */,
			);
			path = Helpers;
			sourceTree = "<group>";
		};
		B3DC026524BA0E8000692967 /* Extensions */ = {
			isa = PBXGroup;
			children = (
				B3DC026624BA0E8F00692967 /* NSManagedObjectContext.swift */,
			);
			path = Extensions;
			sourceTree = "<group>";
		};
		B3DC026824BA109F00692967 /* ContactsCRUD */ = {
			isa = PBXGroup;
			children = (
				B34E81B124BA1C240086317B /* UserCRUD.swift */,
			);
			path = ContactsCRUD;
			sourceTree = "<group>";
		};
		B3DC026924BA10D300692967 /* Storyboards */ = {
			isa = PBXGroup;
			children = (
				B3B5654E24B9D27F003078EF /* Main.storyboard */,
				B3DC026224BA088E00692967 /* Launch.storyboard */,
			);
			path = Storyboards;
			sourceTree = "<group>";
		};
		B3DC026A24BA112000692967 /* MockData */ = {
			isa = PBXGroup;
			children = (
				B3DC026B24BA116200692967 /* users.json */,
			);
			path = MockData;
			sourceTree = "<group>";
		};
		B3DC026D24BA130800692967 /* CommonModels */ = {
			isa = PBXGroup;
			children = (
				B3961D1024BEDECD00F778EC /* User.swift */,
				B34E81C924BB754C0086317B /* TitleDescription.swift */,
			);
			path = CommonModels;
			sourceTree = "<group>";
		};
/* End PBXGroup section */

/* Begin PBXNativeTarget section */
		B3B5654424B9D27F003078EF /* ContactDemo */ = {
			isa = PBXNativeTarget;
			buildConfigurationList = B3B5656424B9D284003078EF /* Build configuration list for PBXNativeTarget "ContactDemo" */;
			buildPhases = (
				B3B5654124B9D27F003078EF /* Sources */,
				B3B5654224B9D27F003078EF /* Frameworks */,
				B3B5654324B9D27F003078EF /* Resources */,
			);
			buildRules = (
			);
			dependencies = (
			);
			name = ContactDemo;
			productName = ContactDemo;
			productReference = B3B5654524B9D27F003078EF /* ContactDemo.app */;
			productType = "com.apple.product-type.application";
		};
		B3B5655A24B9D284003078EF /* ContactDemoTests */ = {
			isa = PBXNativeTarget;
			buildConfigurationList = B3B5656724B9D284003078EF /* Build configuration list for PBXNativeTarget "ContactDemoTests" */;
			buildPhases = (
				B3B5655724B9D284003078EF /* Sources */,
				B3B5655824B9D284003078EF /* Frameworks */,
				B3B5655924B9D284003078EF /* Resources */,
			);
			buildRules = (
			);
			dependencies = (
				B3B5655D24B9D284003078EF /* PBXTargetDependency */,
			);
			name = ContactDemoTests;
			productName = ContactDemoTests;
			productReference = B3B5655B24B9D284003078EF /* ContactDemoTests.xctest */;
			productType = "com.apple.product-type.bundle.unit-test";
		};
/* End PBXNativeTarget section */

/* Begin PBXProject section */
		B3B5653D24B9D27F003078EF /* Project object */ = {
			isa = PBXProject;
			attributes = {
				LastSwiftUpdateCheck = 1150;
				LastUpgradeCheck = 1150;
				ORGANIZATIONNAME = "Devanshu Saini";
				TargetAttributes = {
					B3B5654424B9D27F003078EF = {
						CreatedOnToolsVersion = 11.5;
					};
					B3B5655A24B9D284003078EF = {
						CreatedOnToolsVersion = 11.5;
						TestTargetID = B3B5654424B9D27F003078EF;
					};
				};
			};
			buildConfigurationList = B3B5654024B9D27F003078EF /* Build configuration list for PBXProject "ContactDemo" */;
			compatibilityVersion = "Xcode 9.3";
			developmentRegion = en;
			hasScannedForEncodings = 0;
			knownRegions = (
				en,
				Base,
			);
			mainGroup = B3B5653C24B9D27F003078EF;
			productRefGroup = B3B5654624B9D27F003078EF /* Products */;
			projectDirPath = "";
			projectRoot = "";
			targets = (
				B3B5654424B9D27F003078EF /* ContactDemo */,
				B3B5655A24B9D284003078EF /* ContactDemoTests */,
			);
		};
/* End PBXProject section */

/* Begin PBXResourcesBuildPhase section */
		B3B5654324B9D27F003078EF /* Resources */ = {
			isa = PBXResourcesBuildPhase;
			buildActionMask = 2147483647;
			files = (
				B3DC026C24BA116200692967 /* users.json in Resources */,
				B3B5655224B9D284003078EF /* Assets.xcassets in Resources */,
				B3B5655024B9D27F003078EF /* Main.storyboard in Resources */,
				B3DC026324BA088E00692967 /* Launch.storyboard in Resources */,
			);
			runOnlyForDeploymentPostprocessing = 0;
		};
		B3B5655924B9D284003078EF /* Resources */ = {
			isa = PBXResourcesBuildPhase;
			buildActionMask = 2147483647;
			files = (
			);
			runOnlyForDeploymentPostprocessing = 0;
		};
/* End PBXResourcesBuildPhase section */

/* Begin PBXSourcesBuildPhase section */
		B3B5654124B9D27F003078EF /* Sources */ = {
			isa = PBXSourcesBuildPhase;
			buildActionMask = 2147483647;
			files = (
				B34E81C124BB25D10086317B /* ContactDetailInfoPresenter.swift in Sources */,
				B3B5658E24B9ECEC003078EF /* LaunchContracts.swift in Sources */,
				B34E81C424BB25D10086317B /* WebPagePresenter.swift in Sources */,
				B34E81C224BB25D10086317B /* ContactDetailInfoViewController.swift in Sources */,
				B34E81B224BA1C240086317B /* UserCRUD.swift in Sources */,
				B34E81C324BB25D10086317B /* ContactDetailInfoRouter.swift in Sources */,
				B3B5657D24B9DD6B003078EF /* StoryBoardViewControllerIdentifier.swift in Sources */,
				B3B5657824B9D852003078EF /* ViperCreation.swift in Sources */,
				B34E81C024BB25D10086317B /* ContactDetailInfoContracts.swift in Sources */,
				B3B5654924B9D27F003078EF /* AppDelegate.swift in Sources */,
				B34E81C624BB25D10086317B /* WebPageContracts.swift in Sources */,
				B3DC025D24BA045F00692967 /* ContactDetailViewController.swift in Sources */,
				B3B5657524B9D6B6003078EF /* ContactListRouter.swift in Sources */,
				B3B5658624B9EC2D003078EF /* ContactDemo.xcdatamodeld in Sources */,
				B34E81C824BB25D10086317B /* WebPageInteractor.swift in Sources */,
				B3DC025F24BA045F00692967 /* ContactDetailContracts.swift in Sources */,
				B3B5658D24B9ECEC003078EF /* LaunchViewController.swift in Sources */,
				B3B5656F24B9D5E3003078EF /* ContactListContracts.swift in Sources */,
				B34E81C524BB25D10086317B /* WebPageViewController.swift in Sources */,
				B34E81C724BB25D10086317B /* WebPageRouter.swift in Sources */,
				B3B5658224B9E8F6003078EF /* CoreDataController.swift in Sources */,
				B3B5657324B9D6AD003078EF /* ContactListInteractor.swift in Sources */,
				B3B5659024B9ECEC003078EF /* LaunchRouter.swift in Sources */,
				B3DC026024BA045F00692967 /* ContactDetailPresenter.swift in Sources */,
				B3B5656D24B9D574003078EF /* ContactListViewController.swift in Sources */,
				B3DC026724BA0E8F00692967 /* NSManagedObjectContext.swift in Sources */,
				B3DC025E24BA045F00692967 /* ContactDetailRouter.swift in Sources */,
				B3DC026124BA045F00692967 /* ContactDetailInteractor.swift in Sources */,
				B3B5657124B9D69A003078EF /* ContactListPresenter.swift in Sources */,
				B3B5657B24B9DC86003078EF /* Constants.swift in Sources */,
				B34E81BF24BB25D10086317B /* ContactDetailInfoInteractor.swift in Sources */,
				B3B5659124B9ECEC003078EF /* LaunchInteractor.swift in Sources */,
				B3961D1124BEDECD00F778EC /* User.swift in Sources */,
				B3DC025624B9FE3200692967 /* Constants+Strings.swift in Sources */,
				B3B5658F24B9ECEC003078EF /* LaunchPresenter.swift in Sources */,
				B34E81CA24BB754C0086317B /* TitleDescription.swift in Sources */,
			);
			runOnlyForDeploymentPostprocessing = 0;
		};
		B3B5655724B9D284003078EF /* Sources */ = {
			isa = PBXSourcesBuildPhase;
			buildActionMask = 2147483647;
			files = (
				B351D23C24BBD67900A6E7D3 /* CoreDataControllerTests.swift in Sources */,
				B3B5656024B9D284003078EF /* UserCRUDTests.swift in Sources */,
			);
			runOnlyForDeploymentPostprocessing = 0;
		};
/* End PBXSourcesBuildPhase section */

/* Begin PBXTargetDependency section */
		B3B5655D24B9D284003078EF /* PBXTargetDependency */ = {
			isa = PBXTargetDependency;
			target = B3B5654424B9D27F003078EF /* ContactDemo */;
			targetProxy = B3B5655C24B9D284003078EF /* PBXContainerItemProxy */;
		};
/* End PBXTargetDependency section */

/* Begin PBXVariantGroup section */
		B3B5654E24B9D27F003078EF /* Main.storyboard */ = {
			isa = PBXVariantGroup;
			children = (
				B3B5654F24B9D27F003078EF /* Base */,
			);
			name = Main.storyboard;
			sourceTree = "<group>";
		};
/* End PBXVariantGroup section */

/* Begin XCBuildConfiguration section */
		B3B5656224B9D284003078EF /* Debug */ = {
			isa = XCBuildConfiguration;
			buildSettings = {
				ALWAYS_SEARCH_USER_PATHS = NO;
				CLANG_ANALYZER_NONNULL = YES;
				CLANG_ANALYZER_NUMBER_OBJECT_CONVERSION = YES_AGGRESSIVE;
				CLANG_CXX_LANGUAGE_STANDARD = "gnu++14";
				CLANG_CXX_LIBRARY = "libc++";
				CLANG_ENABLE_MODULES = YES;
				CLANG_ENABLE_OBJC_ARC = YES;
				CLANG_ENABLE_OBJC_WEAK = YES;
				CLANG_WARN_BLOCK_CAPTURE_AUTORELEASING = YES;
				CLANG_WARN_BOOL_CONVERSION = YES;
				CLANG_WARN_COMMA = YES;
				CLANG_WARN_CONSTANT_CONVERSION = YES;
				CLANG_WARN_DEPRECATED_OBJC_IMPLEMENTATIONS = YES;
				CLANG_WARN_DIRECT_OBJC_ISA_USAGE = YES_ERROR;
				CLANG_WARN_DOCUMENTATION_COMMENTS = YES;
				CLANG_WARN_EMPTY_BODY = YES;
				CLANG_WARN_ENUM_CONVERSION = YES;
				CLANG_WARN_INFINITE_RECURSION = YES;
				CLANG_WARN_INT_CONVERSION = YES;
				CLANG_WARN_NON_LITERAL_NULL_CONVERSION = YES;
				CLANG_WARN_OBJC_IMPLICIT_RETAIN_SELF = YES;
				CLANG_WARN_OBJC_LITERAL_CONVERSION = YES;
				CLANG_WARN_OBJC_ROOT_CLASS = YES_ERROR;
				CLANG_WARN_RANGE_LOOP_ANALYSIS = YES;
				CLANG_WARN_STRICT_PROTOTYPES = YES;
				CLANG_WARN_SUSPICIOUS_MOVE = YES;
				CLANG_WARN_UNGUARDED_AVAILABILITY = YES_AGGRESSIVE;
				CLANG_WARN_UNREACHABLE_CODE = YES;
				CLANG_WARN__DUPLICATE_METHOD_MATCH = YES;
				COPY_PHASE_STRIP = NO;
				DEBUG_INFORMATION_FORMAT = dwarf;
				ENABLE_STRICT_OBJC_MSGSEND = YES;
				ENABLE_TESTABILITY = YES;
				GCC_C_LANGUAGE_STANDARD = gnu11;
				GCC_DYNAMIC_NO_PIC = NO;
				GCC_NO_COMMON_BLOCKS = YES;
				GCC_OPTIMIZATION_LEVEL = 0;
				GCC_PREPROCESSOR_DEFINITIONS = (
					"DEBUG=1",
					"$(inherited)",
				);
				GCC_WARN_64_TO_32_BIT_CONVERSION = YES;
				GCC_WARN_ABOUT_RETURN_TYPE = YES_ERROR;
				GCC_WARN_UNDECLARED_SELECTOR = YES;
				GCC_WARN_UNINITIALIZED_AUTOS = YES_AGGRESSIVE;
				GCC_WARN_UNUSED_FUNCTION = YES;
				GCC_WARN_UNUSED_VARIABLE = YES;
				IPHONEOS_DEPLOYMENT_TARGET = 13.5;
				MTL_ENABLE_DEBUG_INFO = INCLUDE_SOURCE;
				MTL_FAST_MATH = YES;
				ONLY_ACTIVE_ARCH = YES;
				SDKROOT = iphoneos;
				SWIFT_ACTIVE_COMPILATION_CONDITIONS = DEBUG;
				SWIFT_OPTIMIZATION_LEVEL = "-Onone";
			};
			name = Debug;
		};
		B3B5656324B9D284003078EF /* Release */ = {
			isa = XCBuildConfiguration;
			buildSettings = {
				ALWAYS_SEARCH_USER_PATHS = NO;
				CLANG_ANALYZER_NONNULL = YES;
				CLANG_ANALYZER_NUMBER_OBJECT_CONVERSION = YES_AGGRESSIVE;
				CLANG_CXX_LANGUAGE_STANDARD = "gnu++14";
				CLANG_CXX_LIBRARY = "libc++";
				CLANG_ENABLE_MODULES = YES;
				CLANG_ENABLE_OBJC_ARC = YES;
				CLANG_ENABLE_OBJC_WEAK = YES;
				CLANG_WARN_BLOCK_CAPTURE_AUTORELEASING = YES;
				CLANG_WARN_BOOL_CONVERSION = YES;
				CLANG_WARN_COMMA = YES;
				CLANG_WARN_CONSTANT_CONVERSION = YES;
				CLANG_WARN_DEPRECATED_OBJC_IMPLEMENTATIONS = YES;
				CLANG_WARN_DIRECT_OBJC_ISA_USAGE = YES_ERROR;
				CLANG_WARN_DOCUMENTATION_COMMENTS = YES;
				CLANG_WARN_EMPTY_BODY = YES;
				CLANG_WARN_ENUM_CONVERSION = YES;
				CLANG_WARN_INFINITE_RECURSION = YES;
				CLANG_WARN_INT_CONVERSION = YES;
				CLANG_WARN_NON_LITERAL_NULL_CONVERSION = YES;
				CLANG_WARN_OBJC_IMPLICIT_RETAIN_SELF = YES;
				CLANG_WARN_OBJC_LITERAL_CONVERSION = YES;
				CLANG_WARN_OBJC_ROOT_CLASS = YES_ERROR;
				CLANG_WARN_RANGE_LOOP_ANALYSIS = YES;
				CLANG_WARN_STRICT_PROTOTYPES = YES;
				CLANG_WARN_SUSPICIOUS_MOVE = YES;
				CLANG_WARN_UNGUARDED_AVAILABILITY = YES_AGGRESSIVE;
				CLANG_WARN_UNREACHABLE_CODE = YES;
				CLANG_WARN__DUPLICATE_METHOD_MATCH = YES;
				COPY_PHASE_STRIP = NO;
				DEBUG_INFORMATION_FORMAT = "dwarf-with-dsym";
				ENABLE_NS_ASSERTIONS = NO;
				ENABLE_STRICT_OBJC_MSGSEND = YES;
				GCC_C_LANGUAGE_STANDARD = gnu11;
				GCC_NO_COMMON_BLOCKS = YES;
				GCC_WARN_64_TO_32_BIT_CONVERSION = YES;
				GCC_WARN_ABOUT_RETURN_TYPE = YES_ERROR;
				GCC_WARN_UNDECLARED_SELECTOR = YES;
				GCC_WARN_UNINITIALIZED_AUTOS = YES_AGGRESSIVE;
				GCC_WARN_UNUSED_FUNCTION = YES;
				GCC_WARN_UNUSED_VARIABLE = YES;
				IPHONEOS_DEPLOYMENT_TARGET = 13.5;
				MTL_ENABLE_DEBUG_INFO = NO;
				MTL_FAST_MATH = YES;
				SDKROOT = iphoneos;
				SWIFT_COMPILATION_MODE = wholemodule;
				SWIFT_OPTIMIZATION_LEVEL = "-O";
				VALIDATE_PRODUCT = YES;
			};
			name = Release;
		};
		B3B5656524B9D284003078EF /* Debug */ = {
			isa = XCBuildConfiguration;
			buildSettings = {
				ASSETCATALOG_COMPILER_APPICON_NAME = AppIcon;
				CODE_SIGN_STYLE = Automatic;
				DEVELOPMENT_TEAM = 3DFU9V87T4;
				INFOPLIST_FILE = ContactDemo/Info.plist;
				IPHONEOS_DEPLOYMENT_TARGET = 13.0;
				LD_RUNPATH_SEARCH_PATHS = (
					"$(inherited)",
					"@executable_path/Frameworks",
				);
				PRODUCT_BUNDLE_IDENTIFIER = com.devanshu.ContactDemo;
				PRODUCT_NAME = "$(TARGET_NAME)";
				SWIFT_VERSION = 5.0;
				TARGETED_DEVICE_FAMILY = 1;
			};
			name = Debug;
		};
		B3B5656624B9D284003078EF /* Release */ = {
			isa = XCBuildConfiguration;
			buildSettings = {
				ASSETCATALOG_COMPILER_APPICON_NAME = AppIcon;
				CODE_SIGN_STYLE = Automatic;
				DEVELOPMENT_TEAM = 3DFU9V87T4;
				INFOPLIST_FILE = ContactDemo/Info.plist;
				IPHONEOS_DEPLOYMENT_TARGET = 13.0;
				LD_RUNPATH_SEARCH_PATHS = (
					"$(inherited)",
					"@executable_path/Frameworks",
				);
				PRODUCT_BUNDLE_IDENTIFIER = com.devanshu.ContactDemo;
				PRODUCT_NAME = "$(TARGET_NAME)";
				SWIFT_VERSION = 5.0;
				TARGETED_DEVICE_FAMILY = 1;
			};
			name = Release;
		};
		B3B5656824B9D284003078EF /* Debug */ = {
			isa = XCBuildConfiguration;
			buildSettings = {
				ALWAYS_EMBED_SWIFT_STANDARD_LIBRARIES = YES;
				BUNDLE_LOADER = "$(TEST_HOST)";
				CODE_SIGN_STYLE = Automatic;
				DEVELOPMENT_TEAM = 3DFU9V87T4;
				INFOPLIST_FILE = ContactDemoTests/Info.plist;
				IPHONEOS_DEPLOYMENT_TARGET = 13.5;
				LD_RUNPATH_SEARCH_PATHS = (
					"$(inherited)",
					"@executable_path/Frameworks",
					"@loader_path/Frameworks",
				);
				PRODUCT_BUNDLE_IDENTIFIER = com.devanshu.ContactDemoTests;
				PRODUCT_NAME = "$(TARGET_NAME)";
				SWIFT_VERSION = 5.0;
				TARGETED_DEVICE_FAMILY = "1,2";
				TEST_HOST = "$(BUILT_PRODUCTS_DIR)/ContactDemo.app/ContactDemo";
			};
			name = Debug;
		};
		B3B5656924B9D284003078EF /* Release */ = {
			isa = XCBuildConfiguration;
			buildSettings = {
				ALWAYS_EMBED_SWIFT_STANDARD_LIBRARIES = YES;
				BUNDLE_LOADER = "$(TEST_HOST)";
				CODE_SIGN_STYLE = Automatic;
				DEVELOPMENT_TEAM = 3DFU9V87T4;
				INFOPLIST_FILE = ContactDemoTests/Info.plist;
				IPHONEOS_DEPLOYMENT_TARGET = 13.5;
				LD_RUNPATH_SEARCH_PATHS = (
					"$(inherited)",
					"@executable_path/Frameworks",
					"@loader_path/Frameworks",
				);
				PRODUCT_BUNDLE_IDENTIFIER = com.devanshu.ContactDemoTests;
				PRODUCT_NAME = "$(TARGET_NAME)";
				SWIFT_VERSION = 5.0;
				TARGETED_DEVICE_FAMILY = "1,2";
				TEST_HOST = "$(BUILT_PRODUCTS_DIR)/ContactDemo.app/ContactDemo";
			};
			name = Release;
		};
/* End XCBuildConfiguration section */

/* Begin XCConfigurationList section */
		B3B5654024B9D27F003078EF /* Build configuration list for PBXProject "ContactDemo" */ = {
			isa = XCConfigurationList;
			buildConfigurations = (
				B3B5656224B9D284003078EF /* Debug */,
				B3B5656324B9D284003078EF /* Release */,
			);
			defaultConfigurationIsVisible = 0;
			defaultConfigurationName = Release;
		};
		B3B5656424B9D284003078EF /* Build configuration list for PBXNativeTarget "ContactDemo" */ = {
			isa = XCConfigurationList;
			buildConfigurations = (
				B3B5656524B9D284003078EF /* Debug */,
				B3B5656624B9D284003078EF /* Release */,
			);
			defaultConfigurationIsVisible = 0;
			defaultConfigurationName = Release;
		};
		B3B5656724B9D284003078EF /* Build configuration list for PBXNativeTarget "ContactDemoTests" */ = {
			isa = XCConfigurationList;
			buildConfigurations = (
				B3B5656824B9D284003078EF /* Debug */,
				B3B5656924B9D284003078EF /* Release */,
			);
			defaultConfigurationIsVisible = 0;
			defaultConfigurationName = Release;
		};
/* End XCConfigurationList section */

/* Begin XCVersionGroup section */
		B3B5658424B9EC2C003078EF /* ContactDemo.xcdatamodeld */ = {
			isa = XCVersionGroup;
			children = (
				B3B5658524B9EC2D003078EF /* ContactDemo.xcdatamodel */,
			);
			currentVersion = B3B5658524B9EC2D003078EF /* ContactDemo.xcdatamodel */;
			path = ContactDemo.xcdatamodeld;
			sourceTree = "<group>";
			versionGroupType = wrapper.xcdatamodel;
		};
/* End XCVersionGroup section */
	};
	rootObject = B3B5653D24B9D27F003078EF /* Project object */;
}
